
Microsoft Visual Studio Solution File, Format Version 12.00
# Visual Studio Version 16
VisualStudioVersion = 16.0.29721.120
MinimumVisualStudioVersion = 10.0.40219.1
Project("{9A19103F-16F7-4668-BE54-9A1E7A4F7556}") = "YourMatches.Server", "YourMatches\Server\YourMatches.Server.csproj", "{49F2CDB3-B8F6-478A-BBF9-F902E09BCDEC}"
EndProject
Project("{9A19103F-16F7-4668-BE54-9A1E7A4F7556}") = "YourMatches.Client", "YourMatches\Client\YourMatches.Client.csproj", "{68488097-52FD-4814-9D5A-C892D56BC41A}"
EndProject
Project("{9A19103F-16F7-4668-BE54-9A1E7A4F7556}") = "YourMatches.Shared", "YourMatches\Shared\YourMatches.Shared.csproj", "{A6CDCB75-083F-494A-8FCC-70518B2E729A}"
EndProject
Project("{FAE04EC0-301F-11D3-BF4B-00C04F79EFBC}") = "FootballDataApi", "FootballDataApi\FootballDataApi.csproj", "{6301500B-2D3D-4A79-A3DB-D5B2CA1C719C}"
EndProject
Global
	GlobalSection(SolutionConfigurationPlatforms) = preSolution
		Debug|Any CPU = Debug|Any CPU
		Release|Any CPU = Release|Any CPU
	EndGlobalSection
	GlobalSection(ProjectConfigurationPlatforms) = postSolution
		{49F2CDB3-B8F6-478A-BBF9-F902E09BCDEC}.Debug|Any CPU.ActiveCfg = Debug|Any CPU
		{49F2CDB3-B8F6-478A-BBF9-F902E09BCDEC}.Debug|Any CPU.Build.0 = Debug|Any CPU
		{49F2CDB3-B8F6-478A-BBF9-F902E09BCDEC}.Release|Any CPU.ActiveCfg = Release|Any CPU
		{49F2CDB3-B8F6-478A-BBF9-F902E09BCDEC}.Release|Any CPU.Build.0 = Release|Any CPU
		{68488097-52FD-4814-9D5A-C892D56BC41A}.Debug|Any CPU.ActiveCfg = Debug|Any CPU
		{68488097-52FD-4814-9D5A-C892D56BC41A}.Debug|Any CPU.Build.0 = Debug|Any CPU
		{68488097-52FD-4814-9D5A-C892D56BC41A}.Release|Any CPU.ActiveCfg = Release|Any CPU
		{68488097-52FD-4814-9D5A-C892D56BC41A}.Release|Any CPU.Build.0 = Release|Any CPU
		{A6CDCB75-083F-494A-8FCC-70518B2E729A}.Debug|Any CPU.ActiveCfg = Debug|Any CPU
		{A6CDCB75-083F-494A-8FCC-70518B2E729A}.Debug|Any CPU.Build.0 = Debug|Any CPU
		{A6CDCB75-083F-494A-8FCC-70518B2E729A}.Release|Any CPU.ActiveCfg = Release|Any CPU
		{A6CDCB75-083F-494A-8FCC-70518B2E729A}.Release|Any CPU.Build.0 = Release|Any CPU
		{6301500B-2D3D-4A79-A3DB-D5B2CA1C719C}.Debug|Any CPU.ActiveCfg = Debug|Any CPU
		{6301500B-2D3D-4A79-A3DB-D5B2CA1C719C}.Debug|Any CPU.Build.0 = Debug|Any CPU
		{6301500B-2D3D-4A79-A3DB-D5B2CA1C719C}.Release|Any CPU.ActiveCfg = Release|Any CPU
		{6301500B-2D3D-4A79-A3DB-D5B2CA1C719C}.Release|Any CPU.Build.0 = Release|Any CPU
	EndGlobalSection
	GlobalSection(SolutionProperties) = preSolution
		HideSolutionNode = FALSE
	EndGlobalSection
	GlobalSection(ExtensibilityGlobals) = postSolution
		SolutionGuid = {3766C169-53EF-4040-BBD5-708D21A50059}
	EndGlobalSection
EndGlobal
